// !$*UTF8*$!
{
	archiveVersion = 1;
	classes = {
	};
	objectVersion = 50;
	objects = {

/* Begin PBXBuildFile section */
		90180781241C2883008B057C /* small-waffle.dae in Resources */ = {isa = PBXBuildFile; fileRef = 90180780241C2883008B057C /* small-waffle.dae */; };
		906F797F238A8E0400FE10D4 /* AppDelegate.swift in Sources */ = {isa = PBXBuildFile; fileRef = 906F797E238A8E0400FE10D4 /* AppDelegate.swift */; };
		906F7981238A8E0400FE10D4 /* ViewController.swift in Sources */ = {isa = PBXBuildFile; fileRef = 906F7980238A8E0400FE10D4 /* ViewController.swift */; };
		906F7983238A8E0400FE10D4 /* Experience.rcproject in Sources */ = {isa = PBXBuildFile; fileRef = 906F7982238A8E0400FE10D4 /* Experience.rcproject */; };
		906F7986238A8E0400FE10D4 /* Main.storyboard in Resources */ = {isa = PBXBuildFile; fileRef = 906F7984238A8E0400FE10D4 /* Main.storyboard */; };
		906F7988238A8E0600FE10D4 /* Assets.xcassets in Resources */ = {isa = PBXBuildFile; fileRef = 906F7987238A8E0600FE10D4 /* Assets.xcassets */; };
		906F798B238A8E0600FE10D4 /* LaunchScreen.storyboard in Resources */ = {isa = PBXBuildFile; fileRef = 906F7989238A8E0600FE10D4 /* LaunchScreen.storyboard */; };
/* End PBXBuildFile section */

/* Begin PBXFileReference section */
		90180780241C2883008B057C /* small-waffle.dae */ = {isa = PBXFileReference; fileEncoding = 4; lastKnownFileType = text.xml.dae; path = "small-waffle.dae"; sourceTree = "<group>"; };
		906F797B238A8E0400FE10D4 /* wilbur-ar.app */ = {isa = PBXFileReference; explicitFileType = wrapper.application; includeInIndex = 0; path = "wilbur-ar.app"; sourceTree = BUILT_PRODUCTS_DIR; };
		906F797E238A8E0400FE10D4 /* AppDelegate.swift */ = {isa = PBXFileReference; lastKnownFileType = sourcecode.swift; path = AppDelegate.swift; sourceTree = "<group>"; };
		906F7980238A8E0400FE10D4 /* ViewController.swift */ = {isa = PBXFileReference; lastKnownFileType = sourcecode.swift; path = ViewController.swift; sourceTree = "<group>"; };
		906F7982238A8E0400FE10D4 /* Experience.rcproject */ = {isa = PBXFileReference; lastKnownFileType = file.rcproject; path = Experience.rcproject; sourceTree = "<group>"; };
		906F7985238A8E0400FE10D4 /* Base */ = {isa = PBXFileReference; lastKnownFileType = file.storyboard; name = Base; path = Base.lproj/Main.storyboard; sourceTree = "<group>"; };
		906F7987238A8E0600FE10D4 /* Assets.xcassets */ = {isa = PBXFileReference; lastKnownFileType = folder.assetcatalog; path = Assets.xcassets; sourceTree = "<group>"; };
		906F798A238A8E0600FE10D4 /* Base */ = {isa = PBXFileReference; lastKnownFileType = file.storyboard; name = Base; path = Base.lproj/LaunchScreen.storyboard; sourceTree = "<group>"; };
		906F798C238A8E0600FE10D4 /* Info.plist */ = {isa = PBXFileReference; lastKnownFileType = text.plist.xml; path = Info.plist; sourceTree = "<group>"; };
/* End PBXFileReference section */

/* Begin PBXFrameworksBuildPhase section */
		906F7978238A8E0400FE10D4 /* Frameworks */ = {
			isa = PBXFrameworksBuildPhase;
			buildActionMask = 2147483647;
			files = (
			);
			runOnlyForDeploymentPostprocessing = 0;
		};
/* End PBXFrameworksBuildPhase section */

/* Begin PBXGroup section */
		906F7972238A8E0400FE10D4 = {
			isa = PBXGroup;
			children = (
				906F797D238A8E0400FE10D4 /* wilbur-ar */,
				906F797C238A8E0400FE10D4 /* Products */,
			);
			sourceTree = "<group>";
		};
		906F797C238A8E0400FE10D4 /* Products */ = {
			isa = PBXGroup;
			children = (
				906F797B238A8E0400FE10D4 /* wilbur-ar.app */,
			);
			name = Products;
			sourceTree = "<group>";
		};
		906F797D238A8E0400FE10D4 /* wilbur-ar */ = {
			isa = PBXGroup;
			children = (
				906F797E238A8E0400FE10D4 /* AppDelegate.swift */,
				906F7980238A8E0400FE10D4 /* ViewController.swift */,
				906F7982238A8E0400FE10D4 /* Experience.rcproject */,
				906F7984238A8E0400FE10D4 /* Main.storyboard */,
				90180780241C2883008B057C /* small-waffle.dae */,
				906F7987238A8E0600FE10D4 /* Assets.xcassets */,
				906F7989238A8E0600FE10D4 /* LaunchScreen.storyboard */,
				906F798C238A8E0600FE10D4 /* Info.plist */,
			);
			path = "wilbur-ar";
			sourceTree = "<group>";
		};
/* End PBXGroup section */

/* Begin PBXNativeTarget section */
		906F797A238A8E0400FE10D4 /* wilbur-ar */ = {
			isa = PBXNativeTarget;
			buildConfigurationList = 906F798F238A8E0600FE10D4 /* Build configuration list for PBXNativeTarget "wilbur-ar" */;
			buildPhases = (
				906F7977238A8E0400FE10D4 /* Sources */,
				906F7978238A8E0400FE10D4 /* Frameworks */,
				906F7979238A8E0400FE10D4 /* Resources */,
			);
			buildRules = (
			);
			dependencies = (
			);
			name = "wilbur-ar";
			productName = "wilbur-ar";
			productReference = 906F797B238A8E0400FE10D4 /* wilbur-ar.app */;
			productType = "com.apple.product-type.application";
		};
/* End PBXNativeTarget section */

/* Begin PBXProject section */
		906F7973238A8E0400FE10D4 /* Project object */ = {
			isa = PBXProject;
			attributes = {
				LastSwiftUpdateCheck = 1120;
				LastUpgradeCheck = 1120;
				ORGANIZATIONNAME = Steph;
				TargetAttributes = {
					906F797A238A8E0400FE10D4 = {
						CreatedOnToolsVersion = 11.2.1;
					};
				};
			};
			buildConfigurationList = 906F7976238A8E0400FE10D4 /* Build configuration list for PBXProject "wilbur-ar" */;
			compatibilityVersion = "Xcode 9.3";
			developmentRegion = en;
			hasScannedForEncodings = 0;
			knownRegions = (
				en,
				Base,
			);
			mainGroup = 906F7972238A8E0400FE10D4;
			productRefGroup = 906F797C238A8E0400FE10D4 /* Products */;
			projectDirPath = "";
			projectRoot = "";
			targets = (
				906F797A238A8E0400FE10D4 /* wilbur-ar */,
			);
		};
/* End PBXProject section */

/* Begin PBXResourcesBuildPhase section */
		906F7979238A8E0400FE10D4 /* Resources */ = {
			isa = PBXResourcesBuildPhase;
			buildActionMask = 2147483647;
			files = (
				906F798B238A8E0600FE10D4 /* LaunchScreen.storyboard in Resources */,
				906F7988238A8E0600FE10D4 /* Assets.xcassets in Resources */,
				906F7986238A8E0400FE10D4 /* Main.storyboard in Resources */,
				90180781241C2883008B057C /* small-waffle.dae in Resources */,
			);
			runOnlyForDeploymentPostprocessing = 0;
		};
/* End PBXResourcesBuildPhase section */

/* Begin PBXSourcesBuildPhase section */
		906F7977238A8E0400FE10D4 /* Sources */ = {
			isa = PBXSourcesBuildPhase;
			buildActionMask = 2147483647;
			files = (
				906F7981238A8E0400FE10D4 /* ViewController.swift in Sources */,
				906F797F238A8E0400FE10D4 /* AppDelegate.swift in Sources */,
				906F7983238A8E0400FE10D4 /* Experience.rcproject in Sources */,
			);
			runOnlyForDeploymentPostprocessing = 0;
		};
/* End PBXSourcesBuildPhase section */

/* Begin PBXVariantGroup section */
		906F7984238A8E0400FE10D4 /* Main.storyboard */ = {
			isa = PBXVariantGroup;
			children = (
				906F7985238A8E0400FE10D4 /* Base */,
			);
			name = Main.storyboard;
			sourceTree = "<group>";
		};
		906F7989238A8E0600FE10D4 /* LaunchScreen.storyboard */ = {
			isa = PBXVariantGroup;
			children = (
				906F798A238A8E0600FE10D4 /* Base */,
			);
			name = LaunchScreen.storyboard;
			sourceTree = "<group>";
		};
/* End PBXVariantGroup section */

/* Begin XCBuildConfiguration section */
		906F798D238A8E0600FE10D4 /* Debug */ = {
			isa = XCBuildConfiguration;
			buildSettings = {
				ALWAYS_SEARCH_USER_PATHS = NO;
				CLANG_ANALYZER_NONNULL = YES;
				CLANG_ANALYZER_NUMBER_OBJECT_CONVERSION = YES_AGGRESSIVE;
				CLANG_CXX_LANGUAGE_STANDARD = "gnu++14";
				CLANG_CXX_LIBRARY = "libc++";
				CLANG_ENABLE_MODULES = YES;
				CLANG_ENABLE_OBJC_ARC = YES;
				CLANG_ENABLE_OBJC_WEAK = YES;
				CLANG_WARN_BLOCK_CAPTURE_AUTORELEASING = YES;
				CLANG_WARN_BOOL_CONVERSION = YES;
				CLANG_WARN_COMMA = YES;
				CLANG_WARN_CONSTANT_CONVERSION = YES;
				CLANG_WARN_DEPRECATED_OBJC_IMPLEMENTATIONS = YES;
				CLANG_WARN_DIRECT_OBJC_ISA_USAGE = YES_ERROR;
				CLANG_WARN_DOCUMENTATION_COMMENTS = YES;
				CLANG_WARN_EMPTY_BODY = YES;
				CLANG_WARN_ENUM_CONVERSION = YES;
				CLANG_WARN_INFINITE_RECURSION = YES;
				CLANG_WARN_INT_CONVERSION = YES;
				CLANG_WARN_NON_LITERAL_NULL_CONVERSION = YES;
				CLANG_WARN_OBJC_IMPLICIT_RETAIN_SELF = YES;
				CLANG_WARN_OBJC_LITERAL_CONVERSION = YES;
				CLANG_WARN_OBJC_ROOT_CLASS = YES_ERROR;
				CLANG_WARN_RANGE_LOOP_ANALYSIS = YES;
				CLANG_WARN_STRICT_PROTOTYPES = YES;
				CLANG_WARN_SUSPICIOUS_MOVE = YES;
				CLANG_WARN_UNGUARDED_AVAILABILITY = YES_AGGRESSIVE;
				CLANG_WARN_UNREACHABLE_CODE = YES;
				CLANG_WARN__DUPLICATE_METHOD_MATCH = YES;
				COPY_PHASE_STRIP = NO;
				DEBUG_INFORMATION_FORMAT = dwarf;
				ENABLE_STRICT_OBJC_MSGSEND = YES;
				ENABLE_TESTABILITY = YES;
				GCC_C_LANGUAGE_STANDARD = gnu11;
				GCC_DYNAMIC_NO_PIC = NO;
				GCC_NO_COMMON_BLOCKS = YES;
				GCC_OPTIMIZATION_LEVEL = 0;
				GCC_PREPROCESSOR_DEFINITIONS = (
					"DEBUG=1",
					"$(inherited)",
				);
				GCC_WARN_64_TO_32_BIT_CONVERSION = YES;
				GCC_WARN_ABOUT_RETURN_TYPE = YES_ERROR;
				GCC_WARN_UNDECLARED_SELECTOR = YES;
				GCC_WARN_UNINITIALIZED_AUTOS = YES_AGGRESSIVE;
				GCC_WARN_UNUSED_FUNCTION = YES;
				GCC_WARN_UNUSED_VARIABLE = YES;
				IPHONEOS_DEPLOYMENT_TARGET = 13.2;
				MTL_ENABLE_DEBUG_INFO = INCLUDE_SOURCE;
				MTL_FAST_MATH = YES;
				ONLY_ACTIVE_ARCH = YES;
				SDKROOT = iphoneos;
				SWIFT_ACTIVE_COMPILATION_CONDITIONS = DEBUG;
				SWIFT_OPTIMIZATION_LEVEL = "-Onone";
			};
			name = Debug;
		};
		906F798E238A8E0600FE10D4 /* Release */ = {
			isa = XCBuildConfiguration;
			buildSettings = {
				ALWAYS_SEARCH_USER_PATHS = NO;
				CLANG_ANALYZER_NONNULL = YES;
				CLANG_ANALYZER_NUMBER_OBJECT_CONVERSION = YES_AGGRESSIVE;
				CLANG_CXX_LANGUAGE_STANDARD = "gnu++14";
				CLANG_CXX_LIBRARY = "libc++";
				CLANG_ENABLE_MODULES = YES;
				CLANG_ENABLE_OBJC_ARC = YES;
				CLANG_ENABLE_OBJC_WEAK = YES;
				CLANG_WARN_BLOCK_CAPTURE_AUTORELEASING = YES;
				CLANG_WARN_BOOL_CONVERSION = YES;
				CLANG_WARN_COMMA = YES;
				CLANG_WARN_CONSTANT_CONVERSION = YES;
				CLANG_WARN_DEPRECATED_OBJC_IMPLEMENTATIONS = YES;
				CLANG_WARN_DIRECT_OBJC_ISA_USAGE = YES_ERROR;
				CLANG_WARN_DOCUMENTATION_COMMENTS = YES;
				CLANG_WARN_EMPTY_BODY = YES;
				CLANG_WARN_ENUM_CONVERSION = YES;
				CLANG_WARN_INFINITE_RECURSION = YES;
				CLANG_WARN_INT_CONVERSION = YES;
				CLANG_WARN_NON_LITERAL_NULL_CONVERSION = YES;
				CLANG_WARN_OBJC_IMPLICIT_RETAIN_SELF = YES;
				CLANG_WARN_OBJC_LITERAL_CONVERSION = YES;
				CLANG_WARN_OBJC_ROOT_CLASS = YES_ERROR;
				CLANG_WARN_RANGE_LOOP_ANALYSIS = YES;
				CLANG_WARN_STRICT_PROTOTYPES = YES;
				CLANG_WARN_SUSPICIOUS_MOVE = YES;
				CLANG_WARN_UNGUARDED_AVAILABILITY = YES_AGGRESSIVE;
				CLANG_WARN_UNREACHABLE_CODE = YES;
				CLANG_WARN__DUPLICATE_METHOD_MATCH = YES;
				COPY_PHASE_STRIP = NO;
				DEBUG_INFORMATION_FORMAT = "dwarf-with-dsym";
				ENABLE_NS_ASSERTIONS = NO;
				ENABLE_STRICT_OBJC_MSGSEND = YES;
				GCC_C_LANGUAGE_STANDARD = gnu11;
				GCC_NO_COMMON_BLOCKS = YES;
				GCC_WARN_64_TO_32_BIT_CONVERSION = YES;
				GCC_WARN_ABOUT_RETURN_TYPE = YES_ERROR;
				GCC_WARN_UNDECLARED_SELECTOR = YES;
				GCC_WARN_UNINITIALIZED_AUTOS = YES_AGGRESSIVE;
				GCC_WARN_UNUSED_FUNCTION = YES;
				GCC_WARN_UNUSED_VARIABLE = YES;
				IPHONEOS_DEPLOYMENT_TARGET = 13.2;
				MTL_ENABLE_DEBUG_INFO = NO;
				MTL_FAST_MATH = YES;
				SDKROOT = iphoneos;
				SWIFT_COMPILATION_MODE = wholemodule;
				SWIFT_OPTIMIZATION_LEVEL = "-O";
				VALIDATE_PRODUCT = YES;
			};
			name = Release;
		};
		906F7990238A8E0600FE10D4 /* Debug */ = {
			isa = XCBuildConfiguration;
			buildSettings = {
				ASSETCATALOG_COMPILER_APPICON_NAME = AppIcon;
				CODE_SIGN_STYLE = Automatic;
				DEVELOPMENT_TEAM = PG567LPL9M;
				INFOPLIST_FILE = "wilbur-ar/Info.plist";
				LD_RUNPATH_SEARCH_PATHS = (
					"$(inherited)",
					"@executable_path/Frameworks",
				);
				PRODUCT_BUNDLE_IDENTIFIER = "com.example.wilbur-ar";
				PRODUCT_NAME = "$(TARGET_NAME)";
				SWIFT_VERSION = 5.0;
				TARGETED_DEVICE_FAMILY = "1,2";
			};
			name = Debug;
		};
		906F7991238A8E0600FE10D4 /* Release */ = {
			isa = XCBuildConfiguration;
			buildSettings = {
				ASSETCATALOG_COMPILER_APPICON_NAME = AppIcon;
				CODE_SIGN_STYLE = Automatic;
				DEVELOPMENT_TEAM = PG567LPL9M;
				INFOPLIST_FILE = "wilbur-ar/Info.plist";
				LD_RUNPATH_SEARCH_PATHS = (
					"$(inherited)",
					"@executable_path/Frameworks",
				);
				PRODUCT_BUNDLE_IDENTIFIER = "com.example.wilbur-ar";
				PRODUCT_NAME = "$(TARGET_NAME)";
				SWIFT_VERSION = 5.0;
				TARGETED_DEVICE_FAMILY = "1,2";
			};
			name = Release;
		};
/* End XCBuildConfiguration section */

/* Begin XCConfigurationList section */
		906F7976238A8E0400FE10D4 /* Build configuration list for PBXProject "wilbur-ar" */ = {
			isa = XCConfigurationList;
			buildConfigurations = (
				906F798D238A8E0600FE10D4 /* Debug */,
				906F798E238A8E0600FE10D4 /* Release */,
			);
			defaultConfigurationIsVisible = 0;
			defaultConfigurationName = Release;
		};
		906F798F238A8E0600FE10D4 /* Build configuration list for PBXNativeTarget "wilbur-ar" */ = {
			isa = XCConfigurationList;
			buildConfigurations = (
				906F7990238A8E0600FE10D4 /* Debug */,
				906F7991238A8E0600FE10D4 /* Release */,
			);
			defaultConfigurationIsVisible = 0;
			defaultConfigurationName = Release;
		};
/* End XCConfigurationList section */
	};
	rootObject = 906F7973238A8E0400FE10D4 /* Project object */;
}
